
Microsoft Visual Studio Solution File, Format Version 12.00
# Visual Studio Version 17
VisualStudioVersion = 17.2.32630.192
MinimumVisualStudioVersion = 10.0.40219.1
Project("{FAE04EC0-301F-11D3-BF4B-00C04F79EFBC}") = "TheSecretSanta.API", "TheSecretSanta.API\TheSecretSanta.API.csproj", "{45D37DC1-722E-41E0-AB55-5DBA384DC3A0}"
EndProject
Project("{FAE04EC0-301F-11D3-BF4B-00C04F79EFBC}") = "TheSecretSanta.Domain", "TheSecretSanta.Domain\TheSecretSanta.Domain.csproj", "{0A5DAFEF-433B-4DD1-9B8A-B28D14B1582D}"
EndProject
Project("{FAE04EC0-301F-11D3-BF4B-00C04F79EFBC}") = "TheSecretSanta.Infrastructure", "TheSecretSanta.Infrastructure\TheSecretSanta.Infrastructure.csproj", "{06783C24-0C68-43A4-B136-A5786B75D2D5}"
EndProject
Project("{FAE04EC0-301F-11D3-BF4B-00C04F79EFBC}") = "TheSecretSanta.Application", "TheSecretSanta.Application\TheSecretSanta.Application.csproj", "{289CC517-FF5F-4484-B853-F6CFC78D2005}"
EndProject
Global
	GlobalSection(SolutionConfigurationPlatforms) = preSolution
		Debug|Any CPU = Debug|Any CPU
		Release|Any CPU = Release|Any CPU
	EndGlobalSection
	GlobalSection(ProjectConfigurationPlatforms) = postSolution
		{45D37DC1-722E-41E0-AB55-5DBA384DC3A0}.Debug|Any CPU.ActiveCfg = Debug|Any CPU
		{45D37DC1-722E-41E0-AB55-5DBA384DC3A0}.Debug|Any CPU.Build.0 = Debug|Any CPU
		{45D37DC1-722E-41E0-AB55-5DBA384DC3A0}.Release|Any CPU.ActiveCfg = Release|Any CPU
		{45D37DC1-722E-41E0-AB55-5DBA384DC3A0}.Release|Any CPU.Build.0 = Release|Any CPU
		{0A5DAFEF-433B-4DD1-9B8A-B28D14B1582D}.Debug|Any CPU.ActiveCfg = Debug|Any CPU
		{0A5DAFEF-433B-4DD1-9B8A-B28D14B1582D}.Debug|Any CPU.Build.0 = Debug|Any CPU
		{0A5DAFEF-433B-4DD1-9B8A-B28D14B1582D}.Release|Any CPU.ActiveCfg = Release|Any CPU
		{0A5DAFEF-433B-4DD1-9B8A-B28D14B1582D}.Release|Any CPU.Build.0 = Release|Any CPU
		{06783C24-0C68-43A4-B136-A5786B75D2D5}.Debug|Any CPU.ActiveCfg = Debug|Any CPU
		{06783C24-0C68-43A4-B136-A5786B75D2D5}.Debug|Any CPU.Build.0 = Debug|Any CPU
		{06783C24-0C68-43A4-B136-A5786B75D2D5}.Release|Any CPU.ActiveCfg = Release|Any CPU
		{06783C24-0C68-43A4-B136-A5786B75D2D5}.Release|Any CPU.Build.0 = Release|Any CPU
		{289CC517-FF5F-4484-B853-F6CFC78D2005}.Debug|Any CPU.ActiveCfg = Debug|Any CPU
		{289CC517-FF5F-4484-B853-F6CFC78D2005}.Debug|Any CPU.Build.0 = Debug|Any CPU
		{289CC517-FF5F-4484-B853-F6CFC78D2005}.Release|Any CPU.ActiveCfg = Release|Any CPU
		{289CC517-FF5F-4484-B853-F6CFC78D2005}.Release|Any CPU.Build.0 = Release|Any CPU
	EndGlobalSection
	GlobalSection(SolutionProperties) = preSolution
		HideSolutionNode = FALSE
	EndGlobalSection
	GlobalSection(ExtensibilityGlobals) = postSolution
		SolutionGuid = {3022C46A-D717-42A0-88ED-4253BC9EDB59}
	EndGlobalSection
EndGlobal
